<?xml version="1.0" encoding="utf-8"?>
<Project ToolsVersion="4.0" xmlns="http://schemas.microsoft.com/developer/msbuild/2003">
  <ItemGroup>
    <Filter Include="Source Files">
      <UniqueIdentifier>{1848e519-23d5-40b3-b9f5-752215f25d97}</UniqueIdentifier>
    </Filter>
    <Filter Include="Generated Files">
      <UniqueIdentifier>{587d138c-ff44-4714-a24e-95a6ccadcccd}</UniqueIdentifier>
      <SourceControlFiles>False</SourceControlFiles>
    </Filter>
  </ItemGroup>
  <ItemGroup>
    <None Include="AspNetClassicSessionState.Aspps.def" />
  </ItemGroup>
  <ItemGroup>
    <ClCompile Include="AspNetClassicSessionStateAsp_i.c">
      <Filter>Generated Files</Filter>
    </ClCompile>
    <ClCompile Include="AspNetClassicSessionStateAsp_p.c">
      <Filter>Generated Files</Filter>
    </ClCompile>
    <ClCompile Include="dlldata.c">
      <Filter>Generated Files</Filter>
    </ClCompile>
  </ItemGroup>
</Project>