
Microsoft Visual Studio Solution File, Format Version 12.00
# Visual Studio Version 16
VisualStudioVersion = 16.0.28803.352
MinimumVisualStudioVersion = 10.0.40219.1
Project("{FAE04EC0-301F-11D3-BF4B-00C04F79EFBC}") = "AspNetClassicSessionState.Sample", "AspNetClassicSessionState.Sample\AspNetClassicSessionState.Sample.csproj", "{342A58D5-CB4F-490D-9256-BCB6D0C48B0C}"
EndProject
Project("{2150E333-8FDC-42A3-9474-1A3956D46DE8}") = "Solution Items", "Solution Items", "{4DFF6596-493F-4A52-BCD3-987466BC04E0}"
	ProjectSection(SolutionItems) = preProject
		.editorconfig = .editorconfig
		.vsts-ci.yml = .vsts-ci.yml
	EndProjectSection
EndProject
Project("{9A19103F-16F7-4668-BE54-9A1E7A4F7556}") = "AspNetClassicSessionState", "AspNetClassicSessionState\AspNetClassicSessionState.csproj", "{F21B52BB-831E-4FFB-B17E-D896F125132E}"
EndProject
Project("{9A19103F-16F7-4668-BE54-9A1E7A4F7556}") = "AspNetClassicSessionState.Sample.Host", "AspNetClassicSessionState.Sample.Host\AspNetClassicSessionState.Sample.Host.csproj", "{2EF562AB-14E3-4417-A1A5-19CA8CECD2F6}"
EndProject
Global
	GlobalSection(SolutionConfigurationPlatforms) = preSolution
		Debug|Any CPU = Debug|Any CPU
		Release|Any CPU = Release|Any CPU
	EndGlobalSection
	GlobalSection(ProjectConfigurationPlatforms) = postSolution
		{342A58D5-CB4F-490D-9256-BCB6D0C48B0C}.Debug|Any CPU.ActiveCfg = Debug|Any CPU
		{342A58D5-CB4F-490D-9256-BCB6D0C48B0C}.Debug|Any CPU.Build.0 = Debug|Any CPU
		{342A58D5-CB4F-490D-9256-BCB6D0C48B0C}.Release|Any CPU.ActiveCfg = Release|Any CPU
		{F21B52BB-831E-4FFB-B17E-D896F125132E}.Debug|Any CPU.ActiveCfg = Debug|Any CPU
		{F21B52BB-831E-4FFB-B17E-D896F125132E}.Debug|Any CPU.Build.0 = Debug|Any CPU
		{F21B52BB-831E-4FFB-B17E-D896F125132E}.Release|Any CPU.ActiveCfg = Release|Any CPU
		{F21B52BB-831E-4FFB-B17E-D896F125132E}.Release|Any CPU.Build.0 = Release|Any CPU
		{2EF562AB-14E3-4417-A1A5-19CA8CECD2F6}.Debug|Any CPU.ActiveCfg = Debug|Any CPU
		{2EF562AB-14E3-4417-A1A5-19CA8CECD2F6}.Debug|Any CPU.Build.0 = Debug|Any CPU
		{2EF562AB-14E3-4417-A1A5-19CA8CECD2F6}.Release|Any CPU.ActiveCfg = Release|Any CPU
		{2EF562AB-14E3-4417-A1A5-19CA8CECD2F6}.Release|Any CPU.Build.0 = Release|Any CPU
	EndGlobalSection
	GlobalSection(SolutionProperties) = preSolution
		HideSolutionNode = FALSE
	EndGlobalSection
	GlobalSection(ExtensibilityGlobals) = postSolution
		SolutionGuid = {11A1355F-1564-405D-9D1A-89680CD880B7}
	EndGlobalSection
EndGlobal
